
Microsoft Visual Studio Solution File, Format Version 12.00
# Visual Studio Version 17
VisualStudioVersion = 17.6.33815.320
MinimumVisualStudioVersion = 10.0.40219.1
Project("{9A19103F-16F7-4668-BE54-9A1E7A4F7556}") = "WordCounter", "WordCounter\WordCounter.csproj", "{D444459C-A903-4BAE-8785-68707FD02B7F}"
EndProject
Global
	GlobalSection(SolutionConfigurationPlatforms) = preSolution
		Debug|Any CPU = Debug|Any CPU
		Release|Any CPU = Release|Any CPU
	EndGlobalSection
	GlobalSection(ProjectConfigurationPlatforms) = postSolution
		{D444459C-A903-4BAE-8785-68707FD02B7F}.Debug|Any CPU.ActiveCfg = Debug|Any CPU
		{D444459C-A903-4BAE-8785-68707FD02B7F}.Debug|Any CPU.Build.0 = Debug|Any CPU
		{D444459C-A903-4BAE-8785-68707FD02B7F}.Release|Any CPU.ActiveCfg = Release|Any CPU
		{D444459C-A903-4BAE-8785-68707FD02B7F}.Release|Any CPU.Build.0 = Release|Any CPU
	EndGlobalSection
	GlobalSection(SolutionProperties) = preSolution
		HideSolutionNode = FALSE
	EndGlobalSection
	GlobalSection(ExtensibilityGlobals) = postSolution
		SolutionGuid = {F626F126-9FD9-41F5-BCA7-C0BDB59D8C93}
	EndGlobalSection
EndGlobal
